
Microsoft Visual Studio Solution File, Format Version 12.00
# Visual Studio Version 17
VisualStudioVersion = 17.5.002.0
MinimumVisualStudioVersion = 10.0.40219.1
Project("{9A19103F-16F7-4668-BE54-9A1E7A4F7556}") = "CalculadoraFinanceira", "CalculadoraFinanceira.csproj", "{D9D19DBA-97E9-4096-AE69-B76148FF3F25}"
EndProject
Global
	GlobalSection(SolutionConfigurationPlatforms) = preSolution
		Debug|Any CPU = Debug|Any CPU
		Release|Any CPU = Release|Any CPU
	EndGlobalSection
	GlobalSection(ProjectConfigurationPlatforms) = postSolution
		{D9D19DBA-97E9-4096-AE69-B76148FF3F25}.Debug|Any CPU.ActiveCfg = Debug|Any CPU
		{D9D19DBA-97E9-4096-AE69-B76148FF3F25}.Debug|Any CPU.Build.0 = Debug|Any CPU
		{D9D19DBA-97E9-4096-AE69-B76148FF3F25}.Release|Any CPU.ActiveCfg = Release|Any CPU
		{D9D19DBA-97E9-4096-AE69-B76148FF3F25}.Release|Any CPU.Build.0 = Release|Any CPU
	EndGlobalSection
	GlobalSection(SolutionProperties) = preSolution
		HideSolutionNode = FALSE
	EndGlobalSection
	GlobalSection(ExtensibilityGlobals) = postSolution
		SolutionGuid = {11219478-C219-4F44-A48C-EFD3D4B3FD49}
	EndGlobalSection
EndGlobal
